
Microsoft Visual Studio Solution File, Format Version 12.00
# Visual Studio Version 17
VisualStudioVersion = 17.0.31919.166
MinimumVisualStudioVersion = 10.0.40219.1
Project("{FAE04EC0-301F-11D3-BF4B-00C04F79EFBC}") = "DZ 2.3", "DZ 2.3\DZ 2.3.csproj", "{C6DFA508-1CF6-44F9-BD5F-0C6EB65CCB21}"
EndProject
Global
	GlobalSection(SolutionConfigurationPlatforms) = preSolution
		Debug|Any CPU = Debug|Any CPU
		Release|Any CPU = Release|Any CPU
	EndGlobalSection
	GlobalSection(ProjectConfigurationPlatforms) = postSolution
		{C6DFA508-1CF6-44F9-BD5F-0C6EB65CCB21}.Debug|Any CPU.ActiveCfg = Debug|Any CPU
		{C6DFA508-1CF6-44F9-BD5F-0C6EB65CCB21}.Debug|Any CPU.Build.0 = Debug|Any CPU
		{C6DFA508-1CF6-44F9-BD5F-0C6EB65CCB21}.Release|Any CPU.ActiveCfg = Release|Any CPU
		{C6DFA508-1CF6-44F9-BD5F-0C6EB65CCB21}.Release|Any CPU.Build.0 = Release|Any CPU
	EndGlobalSection
	GlobalSection(SolutionProperties) = preSolution
		HideSolutionNode = FALSE
	EndGlobalSection
	GlobalSection(ExtensibilityGlobals) = postSolution
		SolutionGuid = {385A2438-C1FF-40E2-A74D-FA6E163BEFAB}
	EndGlobalSection
EndGlobal
